
Microsoft Visual Studio Solution File, Format Version 12.00
# Visual Studio 15
VisualStudioVersion = 15.0.28307.572
MinimumVisualStudioVersion = 10.0.40219.1
Project("{FAE04EC0-301F-11D3-BF4B-00C04F79EFBC}") = "GitTestApp", "GitTestApp\GitTestApp.csproj", "{46AD9F2E-2F99-40F3-B912-24C09B98AFF2}"
EndProject
Global
	GlobalSection(SolutionConfigurationPlatforms) = preSolution
		Debug|Any CPU = Debug|Any CPU
		Release|Any CPU = Release|Any CPU
	EndGlobalSection
	GlobalSection(ProjectConfigurationPlatforms) = postSolution
		{46AD9F2E-2F99-40F3-B912-24C09B98AFF2}.Debug|Any CPU.ActiveCfg = Debug|Any CPU
		{46AD9F2E-2F99-40F3-B912-24C09B98AFF2}.Debug|Any CPU.Build.0 = Debug|Any CPU
		{46AD9F2E-2F99-40F3-B912-24C09B98AFF2}.Release|Any CPU.ActiveCfg = Release|Any CPU
		{46AD9F2E-2F99-40F3-B912-24C09B98AFF2}.Release|Any CPU.Build.0 = Release|Any CPU
	EndGlobalSection
	GlobalSection(SolutionProperties) = preSolution
		HideSolutionNode = FALSE
	EndGlobalSection
	GlobalSection(ExtensibilityGlobals) = postSolution
		SolutionGuid = {138A3C3F-3C81-42D6-BFC4-89F069A7244C}
	EndGlobalSection
EndGlobal
